// !$*UTF8*$!
{
	archiveVersion = 1;
	classes = {
	};
	objectVersion = 50;
	objects = {

/* Begin PBXBuildFile section */
		D02596A3244FACCF002DED75 /* AppDelegate.swift in Sources */ = {isa = PBXBuildFile; fileRef = D02596A2244FACCF002DED75 /* AppDelegate.swift */; };
		D02596A5244FACCF002DED75 /* SceneDelegate.swift in Sources */ = {isa = PBXBuildFile; fileRef = D02596A4244FACCF002DED75 /* SceneDelegate.swift */; };
		D02596A7244FACCF002DED75 /* ViewController.swift in Sources */ = {isa = PBXBuildFile; fileRef = D02596A6244FACCF002DED75 /* ViewController.swift */; };
		D02596AA244FACCF002DED75 /* Main.storyboard in Resources */ = {isa = PBXBuildFile; fileRef = D02596A8244FACCF002DED75 /* Main.storyboard */; };
		D02596AC244FACD0002DED75 /* Assets.xcassets in Resources */ = {isa = PBXBuildFile; fileRef = D02596AB244FACD0002DED75 /* Assets.xcassets */; };
		D02596AF244FACD0002DED75 /* LaunchScreen.storyboard in Resources */ = {isa = PBXBuildFile; fileRef = D02596AD244FACD0002DED75 /* LaunchScreen.storyboard */; };
		D02596B7244FAD16002DED75 /* TableViewController.swift in Sources */ = {isa = PBXBuildFile; fileRef = D02596B6244FAD16002DED75 /* TableViewController.swift */; };
		D0E73692244FB5FE00468A5F /* DetailViewController.swift in Sources */ = {isa = PBXBuildFile; fileRef = D0E73691244FB5FE00468A5F /* DetailViewController.swift */; };
/* End PBXBuildFile section */

/* Begin PBXFileReference section */
		D025969F244FACCE002DED75 /* derrick2.app */ = {isa = PBXFileReference; explicitFileType = wrapper.application; includeInIndex = 0; path = derrick2.app; sourceTree = BUILT_PRODUCTS_DIR; };
		D02596A2244FACCF002DED75 /* AppDelegate.swift */ = {isa = PBXFileReference; lastKnownFileType = sourcecode.swift; path = AppDelegate.swift; sourceTree = "<group>"; };
		D02596A4244FACCF002DED75 /* SceneDelegate.swift */ = {isa = PBXFileReference; lastKnownFileType = sourcecode.swift; path = SceneDelegate.swift; sourceTree = "<group>"; };
		D02596A6244FACCF002DED75 /* ViewController.swift */ = {isa = PBXFileReference; lastKnownFileType = sourcecode.swift; path = ViewController.swift; sourceTree = "<group>"; };
		D02596A9244FACCF002DED75 /* Base */ = {isa = PBXFileReference; lastKnownFileType = file.storyboard; name = Base; path = Base.lproj/Main.storyboard; sourceTree = "<group>"; };
		D02596AB244FACD0002DED75 /* Assets.xcassets */ = {isa = PBXFileReference; lastKnownFileType = folder.assetcatalog; path = Assets.xcassets; sourceTree = "<group>"; };
		D02596AE244FACD0002DED75 /* Base */ = {isa = PBXFileReference; lastKnownFileType = file.storyboard; name = Base; path = Base.lproj/LaunchScreen.storyboard; sourceTree = "<group>"; };
		D02596B0244FACD0002DED75 /* Info.plist */ = {isa = PBXFileReference; lastKnownFileType = text.plist.xml; path = Info.plist; sourceTree = "<group>"; };
		D02596B6244FAD16002DED75 /* TableViewController.swift */ = {isa = PBXFileReference; lastKnownFileType = sourcecode.swift; path = TableViewController.swift; sourceTree = "<group>"; };
		D0E73691244FB5FE00468A5F /* DetailViewController.swift */ = {isa = PBXFileReference; lastKnownFileType = sourcecode.swift; path = DetailViewController.swift; sourceTree = "<group>"; };
/* End PBXFileReference section */

/* Begin PBXFrameworksBuildPhase section */
		D025969C244FACCE002DED75 /* Frameworks */ = {
			isa = PBXFrameworksBuildPhase;
			buildActionMask = 2147483647;
			files = (
			);
			runOnlyForDeploymentPostprocessing = 0;
		};
/* End PBXFrameworksBuildPhase section */

/* Begin PBXGroup section */
		D0259696244FACCE002DED75 = {
			isa = PBXGroup;
			children = (
				D02596A1244FACCF002DED75 /* derrick2 */,
			);
			sourceTree = "<group>";
		};
		D02596A0244FACCE002DED75 /* Products */ = {
			isa = PBXGroup;
			children = (
				D025969F244FACCE002DED75 /* derrick2.app */,
			);
			name = Products;
			path = ..;
			sourceTree = "<group>";
		};
		D02596A1244FACCF002DED75 /* derrick2 */ = {
			isa = PBXGroup;
			children = (
				D02596A2244FACCF002DED75 /* AppDelegate.swift */,
				D02596A4244FACCF002DED75 /* SceneDelegate.swift */,
				D02596A6244FACCF002DED75 /* ViewController.swift */,
				D02596B6244FAD16002DED75 /* TableViewController.swift */,
				D0E73691244FB5FE00468A5F /* DetailViewController.swift */,
				D02596A8244FACCF002DED75 /* Main.storyboard */,
				D02596AB244FACD0002DED75 /* Assets.xcassets */,
				D02596AD244FACD0002DED75 /* LaunchScreen.storyboard */,
				D02596B0244FACD0002DED75 /* Info.plist */,
				D02596A0244FACCE002DED75 /* Products */,
			);
			path = derrick2;
			sourceTree = "<group>";
		};
/* End PBXGroup section */

/* Begin PBXNativeTarget section */
		D025969E244FACCE002DED75 /* derrick2 */ = {
			isa = PBXNativeTarget;
			buildConfigurationList = D02596B3244FACD0002DED75 /* Build configuration list for PBXNativeTarget "derrick2" */;
			buildPhases = (
				D025969B244FACCE002DED75 /* Sources */,
				D025969C244FACCE002DED75 /* Frameworks */,
				D025969D244FACCE002DED75 /* Resources */,
			);
			buildRules = (
			);
			dependencies = (
			);
			name = derrick2;
			productName = derrick2;
			productReference = D025969F244FACCE002DED75 /* derrick2.app */;
			productType = "com.apple.product-type.application";
		};
/* End PBXNativeTarget section */

/* Begin PBXProject section */
		D0259697244FACCE002DED75 /* Project object */ = {
			isa = PBXProject;
			attributes = {
				LastSwiftUpdateCheck = 1130;
				LastUpgradeCheck = 1130;
				ORGANIZATIONNAME = "derrick-temp";
				TargetAttributes = {
					D025969E244FACCE002DED75 = {
						CreatedOnToolsVersion = 11.3.1;
					};
				};
			};
			buildConfigurationList = D025969A244FACCE002DED75 /* Build configuration list for PBXProject "derrick2" */;
			compatibilityVersion = "Xcode 9.3";
			developmentRegion = en;
			hasScannedForEncodings = 0;
			knownRegions = (
				en,
				Base,
			);
			mainGroup = D0259696244FACCE002DED75;
			productRefGroup = D02596A0244FACCE002DED75 /* Products */;
			projectDirPath = "";
			projectRoot = "";
			targets = (
				D025969E244FACCE002DED75 /* derrick2 */,
			);
		};
/* End PBXProject section */

/* Begin PBXResourcesBuildPhase section */
		D025969D244FACCE002DED75 /* Resources */ = {
			isa = PBXResourcesBuildPhase;
			buildActionMask = 2147483647;
			files = (
				D02596AF244FACD0002DED75 /* LaunchScreen.storyboard in Resources */,
				D02596AC244FACD0002DED75 /* Assets.xcassets in Resources */,
				D02596AA244FACCF002DED75 /* Main.storyboard in Resources */,
			);
			runOnlyForDeploymentPostprocessing = 0;
		};
/* End PBXResourcesBuildPhase section */

/* Begin PBXSourcesBuildPhase section */
		D025969B244FACCE002DED75 /* Sources */ = {
			isa = PBXSourcesBuildPhase;
			buildActionMask = 2147483647;
			files = (
				D02596A7244FACCF002DED75 /* ViewController.swift in Sources */,
				D02596A3244FACCF002DED75 /* AppDelegate.swift in Sources */,
				D0E73692244FB5FE00468A5F /* DetailViewController.swift in Sources */,
				D02596A5244FACCF002DED75 /* SceneDelegate.swift in Sources */,
				D02596B7244FAD16002DED75 /* TableViewController.swift in Sources */,
			);
			runOnlyForDeploymentPostprocessing = 0;
		};
/* End PBXSourcesBuildPhase section */

/* Begin PBXVariantGroup section */
		D02596A8244FACCF002DED75 /* Main.storyboard */ = {
			isa = PBXVariantGroup;
			children = (
				D02596A9244FACCF002DED75 /* Base */,
			);
			name = Main.storyboard;
			sourceTree = "<group>";
		};
		D02596AD244FACD0002DED75 /* LaunchScreen.storyboard */ = {
			isa = PBXVariantGroup;
			children = (
				D02596AE244FACD0002DED75 /* Base */,
			);
			name = LaunchScreen.storyboard;
			sourceTree = "<group>";
		};
/* End PBXVariantGroup section */

/* Begin XCBuildConfiguration section */
		D02596B1244FACD0002DED75 /* Debug */ = {
			isa = XCBuildConfiguration;
			buildSettings = {
				ALWAYS_SEARCH_USER_PATHS = NO;
				CLANG_ANALYZER_NONNULL = YES;
				CLANG_ANALYZER_NUMBER_OBJECT_CONVERSION = YES_AGGRESSIVE;
				CLANG_CXX_LANGUAGE_STANDARD = "gnu++14";
				CLANG_CXX_LIBRARY = "libc++";
				CLANG_ENABLE_MODULES = YES;
				CLANG_ENABLE_OBJC_ARC = YES;
				CLANG_ENABLE_OBJC_WEAK = YES;
				CLANG_WARN_BLOCK_CAPTURE_AUTORELEASING = YES;
				CLANG_WARN_BOOL_CONVERSION = YES;
				CLANG_WARN_COMMA = YES;
				CLANG_WARN_CONSTANT_CONVERSION = YES;
				CLANG_WARN_DEPRECATED_OBJC_IMPLEMENTATIONS = YES;
				CLANG_WARN_DIRECT_OBJC_ISA_USAGE = YES_ERROR;
				CLANG_WARN_DOCUMENTATION_COMMENTS = YES;
				CLANG_WARN_EMPTY_BODY = YES;
				CLANG_WARN_ENUM_CONVERSION = YES;
				CLANG_WARN_INFINITE_RECURSION = YES;
				CLANG_WARN_INT_CONVERSION = YES;
				CLANG_WARN_NON_LITERAL_NULL_CONVERSION = YES;
				CLANG_WARN_OBJC_IMPLICIT_RETAIN_SELF = YES;
				CLANG_WARN_OBJC_LITERAL_CONVERSION = YES;
				CLANG_WARN_OBJC_ROOT_CLASS = YES_ERROR;
				CLANG_WARN_RANGE_LOOP_ANALYSIS = YES;
				CLANG_WARN_STRICT_PROTOTYPES = YES;
				CLANG_WARN_SUSPICIOUS_MOVE = YES;
				CLANG_WARN_UNGUARDED_AVAILABILITY = YES_AGGRESSIVE;
				CLANG_WARN_UNREACHABLE_CODE = YES;
				CLANG_WARN__DUPLICATE_METHOD_MATCH = YES;
				COPY_PHASE_STRIP = NO;
				DEBUG_INFORMATION_FORMAT = dwarf;
				ENABLE_STRICT_OBJC_MSGSEND = YES;
				ENABLE_TESTABILITY = YES;
				GCC_C_LANGUAGE_STANDARD = gnu11;
				GCC_DYNAMIC_NO_PIC = NO;
				GCC_NO_COMMON_BLOCKS = YES;
				GCC_OPTIMIZATION_LEVEL = 0;
				GCC_PREPROCESSOR_DEFINITIONS = (
					"DEBUG=1",
					"$(inherited)",
				);
				GCC_WARN_64_TO_32_BIT_CONVERSION = YES;
				GCC_WARN_ABOUT_RETURN_TYPE = YES_ERROR;
				GCC_WARN_UNDECLARED_SELECTOR = YES;
				GCC_WARN_UNINITIALIZED_AUTOS = YES_AGGRESSIVE;
				GCC_WARN_UNUSED_FUNCTION = YES;
				GCC_WARN_UNUSED_VARIABLE = YES;
				IPHONEOS_DEPLOYMENT_TARGET = 13.2;
				MTL_ENABLE_DEBUG_INFO = INCLUDE_SOURCE;
				MTL_FAST_MATH = YES;
				ONLY_ACTIVE_ARCH = YES;
				SDKROOT = iphoneos;
				SWIFT_ACTIVE_COMPILATION_CONDITIONS = DEBUG;
				SWIFT_OPTIMIZATION_LEVEL = "-Onone";
			};
			name = Debug;
		};
		D02596B2244FACD0002DED75 /* Release */ = {
			isa = XCBuildConfiguration;
			buildSettings = {
				ALWAYS_SEARCH_USER_PATHS = NO;
				CLANG_ANALYZER_NONNULL = YES;
				CLANG_ANALYZER_NUMBER_OBJECT_CONVERSION = YES_AGGRESSIVE;
				CLANG_CXX_LANGUAGE_STANDARD = "gnu++14";
				CLANG_CXX_LIBRARY = "libc++";
				CLANG_ENABLE_MODULES = YES;
				CLANG_ENABLE_OBJC_ARC = YES;
				CLANG_ENABLE_OBJC_WEAK = YES;
				CLANG_WARN_BLOCK_CAPTURE_AUTORELEASING = YES;
				CLANG_WARN_BOOL_CONVERSION = YES;
				CLANG_WARN_COMMA = YES;
				CLANG_WARN_CONSTANT_CONVERSION = YES;
				CLANG_WARN_DEPRECATED_OBJC_IMPLEMENTATIONS = YES;
				CLANG_WARN_DIRECT_OBJC_ISA_USAGE = YES_ERROR;
				CLANG_WARN_DOCUMENTATION_COMMENTS = YES;
				CLANG_WARN_EMPTY_BODY = YES;
				CLANG_WARN_ENUM_CONVERSION = YES;
				CLANG_WARN_INFINITE_RECURSION = YES;
				CLANG_WARN_INT_CONVERSION = YES;
				CLANG_WARN_NON_LITERAL_NULL_CONVERSION = YES;
				CLANG_WARN_OBJC_IMPLICIT_RETAIN_SELF = YES;
				CLANG_WARN_OBJC_LITERAL_CONVERSION = YES;
				CLANG_WARN_OBJC_ROOT_CLASS = YES_ERROR;
				CLANG_WARN_RANGE_LOOP_ANALYSIS = YES;
				CLANG_WARN_STRICT_PROTOTYPES = YES;
				CLANG_WARN_SUSPICIOUS_MOVE = YES;
				CLANG_WARN_UNGUARDED_AVAILABILITY = YES_AGGRESSIVE;
				CLANG_WARN_UNREACHABLE_CODE = YES;
				CLANG_WARN__DUPLICATE_METHOD_MATCH = YES;
				COPY_PHASE_STRIP = NO;
				DEBUG_INFORMATION_FORMAT = "dwarf-with-dsym";
				ENABLE_NS_ASSERTIONS = NO;
				ENABLE_STRICT_OBJC_MSGSEND = YES;
				GCC_C_LANGUAGE_STANDARD = gnu11;
				GCC_NO_COMMON_BLOCKS = YES;
				GCC_WARN_64_TO_32_BIT_CONVERSION = YES;
				GCC_WARN_ABOUT_RETURN_TYPE = YES_ERROR;
				GCC_WARN_UNDECLARED_SELECTOR = YES;
				GCC_WARN_UNINITIALIZED_AUTOS = YES_AGGRESSIVE;
				GCC_WARN_UNUSED_FUNCTION = YES;
				GCC_WARN_UNUSED_VARIABLE = YES;
				IPHONEOS_DEPLOYMENT_TARGET = 13.2;
				MTL_ENABLE_DEBUG_INFO = NO;
				MTL_FAST_MATH = YES;
				SDKROOT = iphoneos;
				SWIFT_COMPILATION_MODE = wholemodule;
				SWIFT_OPTIMIZATION_LEVEL = "-O";
				VALIDATE_PRODUCT = YES;
			};
			name = Release;
		};
		D02596B4244FACD0002DED75 /* Debug */ = {
			isa = XCBuildConfiguration;
			buildSettings = {
				ASSETCATALOG_COMPILER_APPICON_NAME = AppIcon;
				CODE_SIGN_STYLE = Automatic;
				INFOPLIST_FILE = derrick2/Info.plist;
				LD_RUNPATH_SEARCH_PATHS = (
					"$(inherited)",
					"@executable_path/Frameworks",
				);
				PRODUCT_BUNDLE_IDENTIFIER = com.john.john.derrick2;
				PRODUCT_NAME = "$(TARGET_NAME)";
				SWIFT_VERSION = 5.0;
				TARGETED_DEVICE_FAMILY = "1,2";
			};
			name = Debug;
		};
		D02596B5244FACD0002DED75 /* Release */ = {
			isa = XCBuildConfiguration;
			buildSettings = {
				ASSETCATALOG_COMPILER_APPICON_NAME = AppIcon;
				CODE_SIGN_STYLE = Automatic;
				INFOPLIST_FILE = derrick2/Info.plist;
				LD_RUNPATH_SEARCH_PATHS = (
					"$(inherited)",
					"@executable_path/Frameworks",
				);
				PRODUCT_BUNDLE_IDENTIFIER = com.john.john.derrick2;
				PRODUCT_NAME = "$(TARGET_NAME)";
				SWIFT_VERSION = 5.0;
				TARGETED_DEVICE_FAMILY = "1,2";
			};
			name = Release;
		};
/* End XCBuildConfiguration section */

/* Begin XCConfigurationList section */
		D025969A244FACCE002DED75 /* Build configuration list for PBXProject "derrick2" */ = {
			isa = XCConfigurationList;
			buildConfigurations = (
				D02596B1244FACD0002DED75 /* Debug */,
				D02596B2244FACD0002DED75 /* Release */,
			);
			defaultConfigurationIsVisible = 0;
			defaultConfigurationName = Release;
		};
		D02596B3244FACD0002DED75 /* Build configuration list for PBXNativeTarget "derrick2" */ = {
			isa = XCConfigurationList;
			buildConfigurations = (
				D02596B4244FACD0002DED75 /* Debug */,
				D02596B5244FACD0002DED75 /* Release */,
			);
			defaultConfigurationIsVisible = 0;
			defaultConfigurationName = Release;
		};
/* End XCConfigurationList section */
	};
	rootObject = D0259697244FACCE002DED75 /* Project object */;
}
